Microsoft Visual Studio Solution File, Format Version 12.00
# Visual Studio Version 17
VisualStudioVersion = 17.5.2.0
MinimumVisualStudioVersion = 10.0.40219.1
Project("{FAE04EC0-301F-11D3-BF4B-00C04F79EFBC}") = "TarefaSpotfyApi", "TarefaSpotfyApi.csproj", "{87A334C1-C136-2160-114F-CF70C13BFE4D}"
EndProject
Global
	GlobalSection(SolutionConfigurationPlatforms) = preSolution
		Debug|Any CPU = Debug|Any CPU
		Release|Any CPU = Release|Any CPU
	EndGlobalSection
	GlobalSection(ProjectConfigurationPlatforms) = postSolution
		{87A334C1-C136-2160-114F-CF70C13BFE4D}.Debug|Any CPU.ActiveCfg = Debug|Any CPU
		{87A334C1-C136-2160-114F-CF70C13BFE4D}.Debug|Any CPU.Build.0 = Debug|Any CPU
		{87A334C1-C136-2160-114F-CF70C13BFE4D}.Release|Any CPU.ActiveCfg = Release|Any CPU
		{87A334C1-C136-2160-114F-CF70C13BFE4D}.Release|Any CPU.Build.0 = Release|Any CPU
	EndGlobalSection
	GlobalSection(SolutionProperties) = preSolution
		HideSolutionNode = FALSE
	EndGlobalSection
	GlobalSection(ExtensibilityGlobals) = postSolution
		SolutionGuid = {27FB1AB3-8A90-44E8-A8DC-0A4B25DB7234}
	EndGlobalSection
EndGlobal
